// !$*UTF8*$!
{
	archiveVersion = 1;
	classes = {
	};
	objectVersion = 50;
	objects = {

/* Begin PBXBuildFile section */
		526F24213D99F22B29E3D0AA /* Pods_youbikeInfo.framework in Frameworks */ = {isa = PBXBuildFile; fileRef = B3A8FFA40F047E93963A82DC /* Pods_youbikeInfo.framework */; };
		A281249D22E8998D0096CA56 /* AppDelegate.swift in Sources */ = {isa = PBXBuildFile; fileRef = A281249C22E8998D0096CA56 /* AppDelegate.swift */; };
		A281249F22E8998D0096CA56 /* YouBikeStationsMapVC.swift in Sources */ = {isa = PBXBuildFile; fileRef = A281249E22E8998D0096CA56 /* YouBikeStationsMapVC.swift */; };
		A28124A222E8998D0096CA56 /* YouBikeStationsMap.storyboard in Resources */ = {isa = PBXBuildFile; fileRef = A28124A022E8998D0096CA56 /* YouBikeStationsMap.storyboard */; };
		A28124A422E8998F0096CA56 /* Assets.xcassets in Resources */ = {isa = PBXBuildFile; fileRef = A28124A322E8998F0096CA56 /* Assets.xcassets */; };
		A28124A722E8998F0096CA56 /* LaunchScreen.storyboard in Resources */ = {isa = PBXBuildFile; fileRef = A28124A522E8998F0096CA56 /* LaunchScreen.storyboard */; };
		A28124B022E89A450096CA56 /* apiModel.swift in Sources */ = {isa = PBXBuildFile; fileRef = A28124AF22E89A450096CA56 /* apiModel.swift */; };
		A28124B222E89BF80096CA56 /* youbikeJSON.txt in Resources */ = {isa = PBXBuildFile; fileRef = A28124B122E89BF80096CA56 /* youbikeJSON.txt */; };
		A28124B522E9DF060096CA56 /* YouBikeStationsListVC.swift in Sources */ = {isa = PBXBuildFile; fileRef = A28124B422E9DF060096CA56 /* YouBikeStationsListVC.swift */; };
		A28124B822EAB4A80096CA56 /* YouBikeStationsList.storyboard in Resources */ = {isa = PBXBuildFile; fileRef = A28124B722EAB4A80096CA56 /* YouBikeStationsList.storyboard */; };
		A28124BB22EAC78C0096CA56 /* YouBikeStationsListCell.swift in Sources */ = {isa = PBXBuildFile; fileRef = A28124BA22EAC78C0096CA56 /* YouBikeStationsListCell.swift */; };
		A28124BF22EAFC570096CA56 /* DataManager.swift in Sources */ = {isa = PBXBuildFile; fileRef = A28124BE22EAFC570096CA56 /* DataManager.swift */; };
		A28124C322EB04920096CA56 /* favListJSON.txt in Resources */ = {isa = PBXBuildFile; fileRef = A28124C222EB04920096CA56 /* favListJSON.txt */; };
		A28124C522EB04C00096CA56 /* favListModel.swift in Sources */ = {isa = PBXBuildFile; fileRef = A28124C422EB04C00096CA56 /* favListModel.swift */; };
		A28124CB22EB076D0096CA56 /* MyFavoriteList.storyboard in Resources */ = {isa = PBXBuildFile; fileRef = A28124CA22EB076D0096CA56 /* MyFavoriteList.storyboard */; };
		A28124D022EC26580096CA56 /* DataCodeBook.txt in Resources */ = {isa = PBXBuildFile; fileRef = A28124CF22EC26570096CA56 /* DataCodeBook.txt */; };
		A28124D322EC2DF70096CA56 /* snoListByDistrictJSON.txt in Resources */ = {isa = PBXBuildFile; fileRef = A28124D122EC2DF70096CA56 /* snoListByDistrictJSON.txt */; };
		A28124D422EC2DF70096CA56 /* TaipeiDistrictJSON.txt in Resources */ = {isa = PBXBuildFile; fileRef = A28124D222EC2DF70096CA56 /* TaipeiDistrictJSON.txt */; };
		A28124D622EEC81F0096CA56 /* YouBikeStationsListCell.xib in Resources */ = {isa = PBXBuildFile; fileRef = A28124D522EEC81F0096CA56 /* YouBikeStationsListCell.xib */; };
		A28124DB22EEDDF30096CA56 /* YouBikeStationsMapViewModel.swift in Sources */ = {isa = PBXBuildFile; fileRef = A28124DA22EEDDF30096CA56 /* YouBikeStationsMapViewModel.swift */; };
		A28124DD22EEF8330096CA56 /* testJson.txt in Resources */ = {isa = PBXBuildFile; fileRef = A28124DC22EEF8330096CA56 /* testJson.txt */; };
		A28124DF22F0651D0096CA56 /* StationInfoOnMapSubView.xib in Resources */ = {isa = PBXBuildFile; fileRef = A28124DE22F0651D0096CA56 /* StationInfoOnMapSubView.xib */; };
		A28124E122F068860096CA56 /* StationInfoOnMapSubView.swift in Sources */ = {isa = PBXBuildFile; fileRef = A28124E022F068860096CA56 /* StationInfoOnMapSubView.swift */; };
		A28124E322F464FB0096CA56 /* FavoritesViewModel.swift in Sources */ = {isa = PBXBuildFile; fileRef = A28124E222F464FB0096CA56 /* FavoritesViewModel.swift */; };
		A28124E522F46B050096CA56 /* FavoritesViewController.swift in Sources */ = {isa = PBXBuildFile; fileRef = A28124E422F46B050096CA56 /* FavoritesViewController.swift */; };
		A28124E822F479E00096CA56 /* TabBar.storyboard in Resources */ = {isa = PBXBuildFile; fileRef = A28124E722F479E00096CA56 /* TabBar.storyboard */; };
		A28124EA22F47A970096CA56 /* TabBarViewController.swift in Sources */ = {isa = PBXBuildFile; fileRef = A28124E922F47A970096CA56 /* TabBarViewController.swift */; };
/* End PBXBuildFile section */

/* Begin PBXFileReference section */
		A27098069A88F1F01990BB26 /* Pods-youbikeInfo.debug.xcconfig */ = {isa = PBXFileReference; includeInIndex = 1; lastKnownFileType = text.xcconfig; name = "Pods-youbikeInfo.debug.xcconfig"; path = "Target Support Files/Pods-youbikeInfo/Pods-youbikeInfo.debug.xcconfig"; sourceTree = "<group>"; };
		A281249922E8998D0096CA56 /* youbikeInfo.app */ = {isa = PBXFileReference; explicitFileType = wrapper.application; includeInIndex = 0; path = youbikeInfo.app; sourceTree = BUILT_PRODUCTS_DIR; };
		A281249C22E8998D0096CA56 /* AppDelegate.swift */ = {isa = PBXFileReference; lastKnownFileType = sourcecode.swift; path = AppDelegate.swift; sourceTree = "<group>"; };
		A281249E22E8998D0096CA56 /* YouBikeStationsMapVC.swift */ = {isa = PBXFileReference; lastKnownFileType = sourcecode.swift; path = YouBikeStationsMapVC.swift; sourceTree = "<group>"; };
		A28124A122E8998D0096CA56 /* Base */ = {isa = PBXFileReference; lastKnownFileType = file.storyboard; name = Base; path = Base.lproj/YouBikeStationsMap.storyboard; sourceTree = "<group>"; };
		A28124A322E8998F0096CA56 /* Assets.xcassets */ = {isa = PBXFileReference; lastKnownFileType = folder.assetcatalog; path = Assets.xcassets; sourceTree = "<group>"; };
		A28124A622E8998F0096CA56 /* Base */ = {isa = PBXFileReference; lastKnownFileType = file.storyboard; name = Base; path = Base.lproj/LaunchScreen.storyboard; sourceTree = "<group>"; };
		A28124A822E8998F0096CA56 /* Info.plist */ = {isa = PBXFileReference; lastKnownFileType = text.plist.xml; path = Info.plist; sourceTree = "<group>"; };
		A28124AF22E89A450096CA56 /* apiModel.swift */ = {isa = PBXFileReference; lastKnownFileType = sourcecode.swift; name = apiModel.swift; path = youbikeInfo/Models/apiModel.swift; sourceTree = SOURCE_ROOT; };
		A28124B122E89BF80096CA56 /* youbikeJSON.txt */ = {isa = PBXFileReference; fileEncoding = 4; lastKnownFileType = text; path = youbikeJSON.txt; sourceTree = "<group>"; };
		A28124B422E9DF060096CA56 /* YouBikeStationsListVC.swift */ = {isa = PBXFileReference; lastKnownFileType = sourcecode.swift; path = YouBikeStationsListVC.swift; sourceTree = "<group>"; };
		A28124B722EAB4A80096CA56 /* YouBikeStationsList.storyboard */ = {isa = PBXFileReference; lastKnownFileType = file.storyboard; path = YouBikeStationsList.storyboard; sourceTree = "<group>"; };
		A28124BA22EAC78C0096CA56 /* YouBikeStationsListCell.swift */ = {isa = PBXFileReference; lastKnownFileType = sourcecode.swift; path = YouBikeStationsListCell.swift; sourceTree = "<group>"; };
		A28124BE22EAFC570096CA56 /* DataManager.swift */ = {isa = PBXFileReference; lastKnownFileType = sourcecode.swift; path = DataManager.swift; sourceTree = "<group>"; };
		A28124C222EB04920096CA56 /* favListJSON.txt */ = {isa = PBXFileReference; fileEncoding = 4; lastKnownFileType = text; path = favListJSON.txt; sourceTree = "<group>"; };
		A28124C422EB04C00096CA56 /* favListModel.swift */ = {isa = PBXFileReference; lastKnownFileType = sourcecode.swift; path = favListModel.swift; sourceTree = "<group>"; };
		A28124CA22EB076D0096CA56 /* MyFavoriteList.storyboard */ = {isa = PBXFileReference; lastKnownFileType = file.storyboard; path = MyFavoriteList.storyboard; sourceTree = "<group>"; };
		A28124CF22EC26570096CA56 /* DataCodeBook.txt */ = {isa = PBXFileReference; fileEncoding = 4; lastKnownFileType = text; path = DataCodeBook.txt; sourceTree = "<group>"; };
		A28124D122EC2DF70096CA56 /* snoListByDistrictJSON.txt */ = {isa = PBXFileReference; fileEncoding = 4; lastKnownFileType = text; path = snoListByDistrictJSON.txt; sourceTree = "<group>"; };
		A28124D222EC2DF70096CA56 /* TaipeiDistrictJSON.txt */ = {isa = PBXFileReference; fileEncoding = 4; lastKnownFileType = text; path = TaipeiDistrictJSON.txt; sourceTree = "<group>"; };
		A28124D522EEC81F0096CA56 /* YouBikeStationsListCell.xib */ = {isa = PBXFileReference; fileEncoding = 4; lastKnownFileType = file.xib; path = YouBikeStationsListCell.xib; sourceTree = "<group>"; };
		A28124DA22EEDDF30096CA56 /* YouBikeStationsMapViewModel.swift */ = {isa = PBXFileReference; lastKnownFileType = sourcecode.swift; path = YouBikeStationsMapViewModel.swift; sourceTree = "<group>"; };
		A28124DC22EEF8330096CA56 /* testJson.txt */ = {isa = PBXFileReference; fileEncoding = 4; lastKnownFileType = text; path = testJson.txt; sourceTree = "<group>"; };
		A28124DE22F0651D0096CA56 /* StationInfoOnMapSubView.xib */ = {isa = PBXFileReference; lastKnownFileType = file.xib; path = StationInfoOnMapSubView.xib; sourceTree = "<group>"; };
		A28124E022F068860096CA56 /* StationInfoOnMapSubView.swift */ = {isa = PBXFileReference; lastKnownFileType = sourcecode.swift; path = StationInfoOnMapSubView.swift; sourceTree = "<group>"; };
		A28124E222F464FB0096CA56 /* FavoritesViewModel.swift */ = {isa = PBXFileReference; lastKnownFileType = sourcecode.swift; path = FavoritesViewModel.swift; sourceTree = "<group>"; };
		A28124E422F46B050096CA56 /* FavoritesViewController.swift */ = {isa = PBXFileReference; lastKnownFileType = sourcecode.swift; path = FavoritesViewController.swift; sourceTree = "<group>"; };
		A28124E722F479E00096CA56 /* TabBar.storyboard */ = {isa = PBXFileReference; lastKnownFileType = file.storyboard; path = TabBar.storyboard; sourceTree = "<group>"; };
		A28124E922F47A970096CA56 /* TabBarViewController.swift */ = {isa = PBXFileReference; lastKnownFileType = sourcecode.swift; path = TabBarViewController.swift; sourceTree = "<group>"; };
		B3A8FFA40F047E93963A82DC /* Pods_youbikeInfo.framework */ = {isa = PBXFileReference; explicitFileType = wrapper.framework; includeInIndex = 0; path = Pods_youbikeInfo.framework; sourceTree = BUILT_PRODUCTS_DIR; };
		D57EDAA559250FDF6042FC20 /* Pods-youbikeInfo.release.xcconfig */ = {isa = PBXFileReference; includeInIndex = 1; lastKnownFileType = text.xcconfig; name = "Pods-youbikeInfo.release.xcconfig"; path = "Target Support Files/Pods-youbikeInfo/Pods-youbikeInfo.release.xcconfig"; sourceTree = "<group>"; };
/* End PBXFileReference section */

/* Begin PBXFrameworksBuildPhase section */
		A281249622E8998C0096CA56 /* Frameworks */ = {
			isa = PBXFrameworksBuildPhase;
			buildActionMask = 2147483647;
			files = (
				526F24213D99F22B29E3D0AA /* Pods_youbikeInfo.framework in Frameworks */,
			);
			runOnlyForDeploymentPostprocessing = 0;
		};
/* End PBXFrameworksBuildPhase section */

/* Begin PBXGroup section */
		3B6738E53AC848DBF2C7E357 /* Frameworks */ = {
			isa = PBXGroup;
			children = (
				B3A8FFA40F047E93963A82DC /* Pods_youbikeInfo.framework */,
			);
			name = Frameworks;
			sourceTree = "<group>";
		};
		A281249022E8998C0096CA56 = {
			isa = PBXGroup;
			children = (
				A281249B22E8998D0096CA56 /* youbikeInfo */,
				A281249A22E8998D0096CA56 /* Products */,
				D2A67C0B13E7F0EE2AE7D22F /* Pods */,
				3B6738E53AC848DBF2C7E357 /* Frameworks */,
			);
			sourceTree = "<group>";
		};
		A281249A22E8998D0096CA56 /* Products */ = {
			isa = PBXGroup;
			children = (
				A281249922E8998D0096CA56 /* youbikeInfo.app */,
			);
			name = Products;
			sourceTree = "<group>";
		};
		A281249B22E8998D0096CA56 /* youbikeInfo */ = {
			isa = PBXGroup;
			children = (
				A28124E622F479BE0096CA56 /* TabBar */,
				A28124D922EEDDA50096CA56 /* Map */,
				A28124BD22EAFC350096CA56 /* Managers */,
				A28124B322E89F480096CA56 /* Models */,
				A28124B922EAC3620096CA56 /* CustomUI */,
				A28124B622EAB3BB0096CA56 /* StationList */,
				A28124C122EB03690096CA56 /* MyFavoriteList */,
				A281249C22E8998D0096CA56 /* AppDelegate.swift */,
				A28124A322E8998F0096CA56 /* Assets.xcassets */,
				A28124A522E8998F0096CA56 /* LaunchScreen.storyboard */,
				A28124CF22EC26570096CA56 /* DataCodeBook.txt */,
				A28124D122EC2DF70096CA56 /* snoListByDistrictJSON.txt */,
				A28124D222EC2DF70096CA56 /* TaipeiDistrictJSON.txt */,
				A28124B122E89BF80096CA56 /* youbikeJSON.txt */,
				A28124C222EB04920096CA56 /* favListJSON.txt */,
				A28124DC22EEF8330096CA56 /* testJson.txt */,
				A28124A822E8998F0096CA56 /* Info.plist */,
			);
			path = youbikeInfo;
			sourceTree = "<group>";
		};
		A28124B322E89F480096CA56 /* Models */ = {
			isa = PBXGroup;
			children = (
				A28124AF22E89A450096CA56 /* apiModel.swift */,
				A28124C422EB04C00096CA56 /* favListModel.swift */,
			);
			path = Models;
			sourceTree = "<group>";
		};
		A28124B622EAB3BB0096CA56 /* StationList */ = {
			isa = PBXGroup;
			children = (
				A28124B422E9DF060096CA56 /* YouBikeStationsListVC.swift */,
				A28124B722EAB4A80096CA56 /* YouBikeStationsList.storyboard */,
			);
			path = StationList;
			sourceTree = "<group>";
		};
		A28124B922EAC3620096CA56 /* CustomUI */ = {
			isa = PBXGroup;
			children = (
				A28124BA22EAC78C0096CA56 /* YouBikeStationsListCell.swift */,
				A28124D522EEC81F0096CA56 /* YouBikeStationsListCell.xib */,
				A28124E022F068860096CA56 /* StationInfoOnMapSubView.swift */,
				A28124DE22F0651D0096CA56 /* StationInfoOnMapSubView.xib */,
			);
			path = CustomUI;
			sourceTree = "<group>";
		};
		A28124BD22EAFC350096CA56 /* Managers */ = {
			isa = PBXGroup;
			children = (
				A28124BE22EAFC570096CA56 /* DataManager.swift */,
			);
			path = Managers;
			sourceTree = "<group>";
		};
		A28124C122EB03690096CA56 /* MyFavoriteList */ = {
			isa = PBXGroup;
			children = (
				A28124E422F46B050096CA56 /* FavoritesViewController.swift */,
				A28124E222F464FB0096CA56 /* FavoritesViewModel.swift */,
				A28124CA22EB076D0096CA56 /* MyFavoriteList.storyboard */,
			);
			path = MyFavoriteList;
			sourceTree = "<group>";
		};
		A28124D922EEDDA50096CA56 /* Map */ = {
			isa = PBXGroup;
			children = (
				A281249E22E8998D0096CA56 /* YouBikeStationsMapVC.swift */,
				A28124DA22EEDDF30096CA56 /* YouBikeStationsMapViewModel.swift */,
				A28124A022E8998D0096CA56 /* YouBikeStationsMap.storyboard */,
			);
			path = Map;
			sourceTree = "<group>";
		};
		A28124E622F479BE0096CA56 /* TabBar */ = {
			isa = PBXGroup;
			children = (
				A28124E722F479E00096CA56 /* TabBar.storyboard */,
				A28124E922F47A970096CA56 /* TabBarViewController.swift */,
			);
			path = TabBar;
			sourceTree = "<group>";
		};
		D2A67C0B13E7F0EE2AE7D22F /* Pods */ = {
			isa = PBXGroup;
			children = (
				A27098069A88F1F01990BB26 /* Pods-youbikeInfo.debug.xcconfig */,
				D57EDAA559250FDF6042FC20 /* Pods-youbikeInfo.release.xcconfig */,
			);
			path = Pods;
			sourceTree = "<group>";
		};
/* End PBXGroup section */

/* Begin PBXNativeTarget section */
		A281249822E8998C0096CA56 /* youbikeInfo */ = {
			isa = PBXNativeTarget;
			buildConfigurationList = A28124AB22E8998F0096CA56 /* Build configuration list for PBXNativeTarget "youbikeInfo" */;
			buildPhases = (
				BAEA942946F29F810CC8C85E /* [CP] Check Pods Manifest.lock */,
				A281249522E8998C0096CA56 /* Sources */,
				A281249622E8998C0096CA56 /* Frameworks */,
				A281249722E8998C0096CA56 /* Resources */,
				E60D2A254F666F1BF716EAA3 /* [CP] Embed Pods Frameworks */,
			);
			buildRules = (
			);
			dependencies = (
			);
			name = youbikeInfo;
			productName = youbikeInfo;
			productReference = A281249922E8998D0096CA56 /* youbikeInfo.app */;
			productType = "com.apple.product-type.application";
		};
/* End PBXNativeTarget section */

/* Begin PBXProject section */
		A281249122E8998C0096CA56 /* Project object */ = {
			isa = PBXProject;
			attributes = {
				LastSwiftUpdateCheck = 1030;
				LastUpgradeCheck = 1030;
				ORGANIZATIONNAME = alexHu;
				TargetAttributes = {
					A281249822E8998C0096CA56 = {
						CreatedOnToolsVersion = 10.3;
					};
				};
			};
			buildConfigurationList = A281249422E8998C0096CA56 /* Build configuration list for PBXProject "youbikeInfo" */;
			compatibilityVersion = "Xcode 9.3";
			developmentRegion = en;
			hasScannedForEncodings = 0;
			knownRegions = (
				en,
				Base,
			);
			mainGroup = A281249022E8998C0096CA56;
			productRefGroup = A281249A22E8998D0096CA56 /* Products */;
			projectDirPath = "";
			projectRoot = "";
			targets = (
				A281249822E8998C0096CA56 /* youbikeInfo */,
			);
		};
/* End PBXProject section */

/* Begin PBXResourcesBuildPhase section */
		A281249722E8998C0096CA56 /* Resources */ = {
			isa = PBXResourcesBuildPhase;
			buildActionMask = 2147483647;
			files = (
				A28124CB22EB076D0096CA56 /* MyFavoriteList.storyboard in Resources */,
				A28124D322EC2DF70096CA56 /* snoListByDistrictJSON.txt in Resources */,
				A28124C322EB04920096CA56 /* favListJSON.txt in Resources */,
				A28124A722E8998F0096CA56 /* LaunchScreen.storyboard in Resources */,
				A28124D422EC2DF70096CA56 /* TaipeiDistrictJSON.txt in Resources */,
				A28124DF22F0651D0096CA56 /* StationInfoOnMapSubView.xib in Resources */,
				A28124A422E8998F0096CA56 /* Assets.xcassets in Resources */,
				A28124B822EAB4A80096CA56 /* YouBikeStationsList.storyboard in Resources */,
				A28124D622EEC81F0096CA56 /* YouBikeStationsListCell.xib in Resources */,
				A28124DD22EEF8330096CA56 /* testJson.txt in Resources */,
				A28124A222E8998D0096CA56 /* YouBikeStationsMap.storyboard in Resources */,
				A28124D022EC26580096CA56 /* DataCodeBook.txt in Resources */,
				A28124E822F479E00096CA56 /* TabBar.storyboard in Resources */,
				A28124B222E89BF80096CA56 /* youbikeJSON.txt in Resources */,
			);
			runOnlyForDeploymentPostprocessing = 0;
		};
/* End PBXResourcesBuildPhase section */

/* Begin PBXShellScriptBuildPhase section */
		BAEA942946F29F810CC8C85E /* [CP] Check Pods Manifest.lock */ = {
			isa = PBXShellScriptBuildPhase;
			buildActionMask = 2147483647;
			files = (
			);
			inputFileListPaths = (
			);
			inputPaths = (
				"${PODS_PODFILE_DIR_PATH}/Podfile.lock",
				"${PODS_ROOT}/Manifest.lock",
			);
			name = "[CP] Check Pods Manifest.lock";
			outputFileListPaths = (
			);
			outputPaths = (
				"$(DERIVED_FILE_DIR)/Pods-youbikeInfo-checkManifestLockResult.txt",
			);
			runOnlyForDeploymentPostprocessing = 0;
			shellPath = /bin/sh;
			shellScript = "diff \"${PODS_PODFILE_DIR_PATH}/Podfile.lock\" \"${PODS_ROOT}/Manifest.lock\" > /dev/null\nif [ $? != 0 ] ; then\n    # print error to STDERR\n    echo \"error: The sandbox is not in sync with the Podfile.lock. Run 'pod install' or update your CocoaPods installation.\" >&2\n    exit 1\nfi\n# This output is used by Xcode 'outputs' to avoid re-running this script phase.\necho \"SUCCESS\" > \"${SCRIPT_OUTPUT_FILE_0}\"\n";
			showEnvVarsInLog = 0;
		};
		E60D2A254F666F1BF716EAA3 /* [CP] Embed Pods Frameworks */ = {
			isa = PBXShellScriptBuildPhase;
			buildActionMask = 2147483647;
			files = (
			);
			inputFileListPaths = (
			);
			inputPaths = (
				"${PODS_ROOT}/Target Support Files/Pods-youbikeInfo/Pods-youbikeInfo-frameworks.sh",
				"${BUILT_PRODUCTS_DIR}/RxCocoa/RxCocoa.framework",
				"${BUILT_PRODUCTS_DIR}/RxRelay/RxRelay.framework",
				"${BUILT_PRODUCTS_DIR}/RxSwift/RxSwift.framework",
			);
			name = "[CP] Embed Pods Frameworks";
			outputFileListPaths = (
			);
			outputPaths = (
				"${TARGET_BUILD_DIR}/${FRAMEWORKS_FOLDER_PATH}/RxCocoa.framework",
				"${TARGET_BUILD_DIR}/${FRAMEWORKS_FOLDER_PATH}/RxRelay.framework",
				"${TARGET_BUILD_DIR}/${FRAMEWORKS_FOLDER_PATH}/RxSwift.framework",
			);
			runOnlyForDeploymentPostprocessing = 0;
			shellPath = /bin/sh;
			shellScript = "\"${PODS_ROOT}/Target Support Files/Pods-youbikeInfo/Pods-youbikeInfo-frameworks.sh\"\n";
			showEnvVarsInLog = 0;
		};
/* End PBXShellScriptBuildPhase section */

/* Begin PBXSourcesBuildPhase section */
		A281249522E8998C0096CA56 /* Sources */ = {
			isa = PBXSourcesBuildPhase;
			buildActionMask = 2147483647;
			files = (
				A28124DB22EEDDF30096CA56 /* YouBikeStationsMapViewModel.swift in Sources */,
				A28124BB22EAC78C0096CA56 /* YouBikeStationsListCell.swift in Sources */,
				A28124BF22EAFC570096CA56 /* DataManager.swift in Sources */,
				A28124E122F068860096CA56 /* StationInfoOnMapSubView.swift in Sources */,
				A28124B022E89A450096CA56 /* apiModel.swift in Sources */,
				A28124B522E9DF060096CA56 /* YouBikeStationsListVC.swift in Sources */,
				A28124E322F464FB0096CA56 /* FavoritesViewModel.swift in Sources */,
				A281249F22E8998D0096CA56 /* YouBikeStationsMapVC.swift in Sources */,
				A28124C522EB04C00096CA56 /* favListModel.swift in Sources */,
				A28124EA22F47A970096CA56 /* TabBarViewController.swift in Sources */,
				A28124E522F46B050096CA56 /* FavoritesViewController.swift in Sources */,
				A281249D22E8998D0096CA56 /* AppDelegate.swift in Sources */,
			);
			runOnlyForDeploymentPostprocessing = 0;
		};
/* End PBXSourcesBuildPhase section */

/* Begin PBXVariantGroup section */
		A28124A022E8998D0096CA56 /* YouBikeStationsMap.storyboard */ = {
			isa = PBXVariantGroup;
			children = (
				A28124A122E8998D0096CA56 /* Base */,
			);
			name = YouBikeStationsMap.storyboard;
			sourceTree = "<group>";
		};
		A28124A522E8998F0096CA56 /* LaunchScreen.storyboard */ = {
			isa = PBXVariantGroup;
			children = (
				A28124A622E8998F0096CA56 /* Base */,
			);
			name = LaunchScreen.storyboard;
			sourceTree = "<group>";
		};
/* End PBXVariantGroup section */

/* Begin XCBuildConfiguration section */
		A28124A922E8998F0096CA56 /* Debug */ = {
			isa = XCBuildConfiguration;
			buildSettings = {
				ALWAYS_SEARCH_USER_PATHS = NO;
				CLANG_ANALYZER_NONNULL = YES;
				CLANG_ANALYZER_NUMBER_OBJECT_CONVERSION = YES_AGGRESSIVE;
				CLANG_CXX_LANGUAGE_STANDARD = "gnu++14";
				CLANG_CXX_LIBRARY = "libc++";
				CLANG_ENABLE_MODULES = YES;
				CLANG_ENABLE_OBJC_ARC = YES;
				CLANG_ENABLE_OBJC_WEAK = YES;
				CLANG_WARN_BLOCK_CAPTURE_AUTORELEASING = YES;
				CLANG_WARN_BOOL_CONVERSION = YES;
				CLANG_WARN_COMMA = YES;
				CLANG_WARN_CONSTANT_CONVERSION = YES;
				CLANG_WARN_DEPRECATED_OBJC_IMPLEMENTATIONS = YES;
				CLANG_WARN_DIRECT_OBJC_ISA_USAGE = YES_ERROR;
				CLANG_WARN_DOCUMENTATION_COMMENTS = YES;
				CLANG_WARN_EMPTY_BODY = YES;
				CLANG_WARN_ENUM_CONVERSION = YES;
				CLANG_WARN_INFINITE_RECURSION = YES;
				CLANG_WARN_INT_CONVERSION = YES;
				CLANG_WARN_NON_LITERAL_NULL_CONVERSION = YES;
				CLANG_WARN_OBJC_IMPLICIT_RETAIN_SELF = YES;
				CLANG_WARN_OBJC_LITERAL_CONVERSION = YES;
				CLANG_WARN_OBJC_ROOT_CLASS = YES_ERROR;
				CLANG_WARN_RANGE_LOOP_ANALYSIS = YES;
				CLANG_WARN_STRICT_PROTOTYPES = YES;
				CLANG_WARN_SUSPICIOUS_MOVE = YES;
				CLANG_WARN_UNGUARDED_AVAILABILITY = YES_AGGRESSIVE;
				CLANG_WARN_UNREACHABLE_CODE = YES;
				CLANG_WARN__DUPLICATE_METHOD_MATCH = YES;
				CODE_SIGN_IDENTITY = "iPhone Developer";
				COPY_PHASE_STRIP = NO;
				DEBUG_INFORMATION_FORMAT = dwarf;
				ENABLE_STRICT_OBJC_MSGSEND = YES;
				ENABLE_TESTABILITY = YES;
				GCC_C_LANGUAGE_STANDARD = gnu11;
				GCC_DYNAMIC_NO_PIC = NO;
				GCC_NO_COMMON_BLOCKS = YES;
				GCC_OPTIMIZATION_LEVEL = 0;
				GCC_PREPROCESSOR_DEFINITIONS = (
					"DEBUG=1",
					"$(inherited)",
				);
				GCC_WARN_64_TO_32_BIT_CONVERSION = YES;
				GCC_WARN_ABOUT_RETURN_TYPE = YES_ERROR;
				GCC_WARN_UNDECLARED_SELECTOR = YES;
				GCC_WARN_UNINITIALIZED_AUTOS = YES_AGGRESSIVE;
				GCC_WARN_UNUSED_FUNCTION = YES;
				GCC_WARN_UNUSED_VARIABLE = YES;
				IPHONEOS_DEPLOYMENT_TARGET = 12.4;
				MTL_ENABLE_DEBUG_INFO = INCLUDE_SOURCE;
				MTL_FAST_MATH = YES;
				ONLY_ACTIVE_ARCH = YES;
				SDKROOT = iphoneos;
				SWIFT_ACTIVE_COMPILATION_CONDITIONS = DEBUG;
				SWIFT_OPTIMIZATION_LEVEL = "-Onone";
			};
			name = Debug;
		};
		A28124AA22E8998F0096CA56 /* Release */ = {
			isa = XCBuildConfiguration;
			buildSettings = {
				ALWAYS_SEARCH_USER_PATHS = NO;
				CLANG_ANALYZER_NONNULL = YES;
				CLANG_ANALYZER_NUMBER_OBJECT_CONVERSION = YES_AGGRESSIVE;
				CLANG_CXX_LANGUAGE_STANDARD = "gnu++14";
				CLANG_CXX_LIBRARY = "libc++";
				CLANG_ENABLE_MODULES = YES;
				CLANG_ENABLE_OBJC_ARC = YES;
				CLANG_ENABLE_OBJC_WEAK = YES;
				CLANG_WARN_BLOCK_CAPTURE_AUTORELEASING = YES;
				CLANG_WARN_BOOL_CONVERSION = YES;
				CLANG_WARN_COMMA = YES;
				CLANG_WARN_CONSTANT_CONVERSION = YES;
				CLANG_WARN_DEPRECATED_OBJC_IMPLEMENTATIONS = YES;
				CLANG_WARN_DIRECT_OBJC_ISA_USAGE = YES_ERROR;
				CLANG_WARN_DOCUMENTATION_COMMENTS = YES;
				CLANG_WARN_EMPTY_BODY = YES;
				CLANG_WARN_ENUM_CONVERSION = YES;
				CLANG_WARN_INFINITE_RECURSION = YES;
				CLANG_WARN_INT_CONVERSION = YES;
				CLANG_WARN_NON_LITERAL_NULL_CONVERSION = YES;
				CLANG_WARN_OBJC_IMPLICIT_RETAIN_SELF = YES;
				CLANG_WARN_OBJC_LITERAL_CONVERSION = YES;
				CLANG_WARN_OBJC_ROOT_CLASS = YES_ERROR;
				CLANG_WARN_RANGE_LOOP_ANALYSIS = YES;
				CLANG_WARN_STRICT_PROTOTYPES = YES;
				CLANG_WARN_SUSPICIOUS_MOVE = YES;
				CLANG_WARN_UNGUARDED_AVAILABILITY = YES_AGGRESSIVE;
				CLANG_WARN_UNREACHABLE_CODE = YES;
				CLANG_WARN__DUPLICATE_METHOD_MATCH = YES;
				CODE_SIGN_IDENTITY = "iPhone Developer";
				COPY_PHASE_STRIP = NO;
				DEBUG_INFORMATION_FORMAT = "dwarf-with-dsym";
				ENABLE_NS_ASSERTIONS = NO;
				ENABLE_STRICT_OBJC_MSGSEND = YES;
				GCC_C_LANGUAGE_STANDARD = gnu11;
				GCC_NO_COMMON_BLOCKS = YES;
				GCC_WARN_64_TO_32_BIT_CONVERSION = YES;
				GCC_WARN_ABOUT_RETURN_TYPE = YES_ERROR;
				GCC_WARN_UNDECLARED_SELECTOR = YES;
				GCC_WARN_UNINITIALIZED_AUTOS = YES_AGGRESSIVE;
				GCC_WARN_UNUSED_FUNCTION = YES;
				GCC_WARN_UNUSED_VARIABLE = YES;
				IPHONEOS_DEPLOYMENT_TARGET = 12.4;
				MTL_ENABLE_DEBUG_INFO = NO;
				MTL_FAST_MATH = YES;
				SDKROOT = iphoneos;
				SWIFT_COMPILATION_MODE = wholemodule;
				SWIFT_OPTIMIZATION_LEVEL = "-O";
				VALIDATE_PRODUCT = YES;
			};
			name = Release;
		};
		A28124AC22E8998F0096CA56 /* Debug */ = {
			isa = XCBuildConfiguration;
			baseConfigurationReference = A27098069A88F1F01990BB26 /* Pods-youbikeInfo.debug.xcconfig */;
			buildSettings = {
				ASSETCATALOG_COMPILER_APPICON_NAME = AppIcon;
				CODE_SIGN_STYLE = Automatic;
				INFOPLIST_FILE = youbikeInfo/Info.plist;
				LD_RUNPATH_SEARCH_PATHS = (
					"$(inherited)",
					"@executable_path/Frameworks",
				);
				PRODUCT_BUNDLE_IDENTIFIER = com.studio.alexhu.youbikeInfo;
				PRODUCT_NAME = "$(TARGET_NAME)";
				SWIFT_VERSION = 5.0;
				TARGETED_DEVICE_FAMILY = "1,2";
			};
			name = Debug;
		};
		A28124AD22E8998F0096CA56 /* Release */ = {
			isa = XCBuildConfiguration;
			baseConfigurationReference = D57EDAA559250FDF6042FC20 /* Pods-youbikeInfo.release.xcconfig */;
			buildSettings = {
				ASSETCATALOG_COMPILER_APPICON_NAME = AppIcon;
				CODE_SIGN_STYLE = Automatic;
				INFOPLIST_FILE = youbikeInfo/Info.plist;
				LD_RUNPATH_SEARCH_PATHS = (
					"$(inherited)",
					"@executable_path/Frameworks",
				);
				PRODUCT_BUNDLE_IDENTIFIER = com.studio.alexhu.youbikeInfo;
				PRODUCT_NAME = "$(TARGET_NAME)";
				SWIFT_VERSION = 5.0;
				TARGETED_DEVICE_FAMILY = "1,2";
			};
			name = Release;
		};
/* End XCBuildConfiguration section */

/* Begin XCConfigurationList section */
		A281249422E8998C0096CA56 /* Build configuration list for PBXProject "youbikeInfo" */ = {
			isa = XCConfigurationList;
			buildConfigurations = (
				A28124A922E8998F0096CA56 /* Debug */,
				A28124AA22E8998F0096CA56 /* Release */,
			);
			defaultConfigurationIsVisible = 0;
			defaultConfigurationName = Release;
		};
		A28124AB22E8998F0096CA56 /* Build configuration list for PBXNativeTarget "youbikeInfo" */ = {
			isa = XCConfigurationList;
			buildConfigurations = (
				A28124AC22E8998F0096CA56 /* Debug */,
				A28124AD22E8998F0096CA56 /* Release */,
			);
			defaultConfigurationIsVisible = 0;
			defaultConfigurationName = Release;
		};
/* End XCConfigurationList section */
	};
	rootObject = A281249122E8998C0096CA56 /* Project object */;
}
